
Microsoft Visual Studio Solution File, Format Version 12.00
# Visual Studio Version 16
VisualStudioVersion = 16.0.30413.136
MinimumVisualStudioVersion = 10.0.40219.1
Project("{FAE04EC0-301F-11D3-BF4B-00C04F79EFBC}") = "secret_message", "secret_message\secret_message.csproj", "{C97596D3-E0F8-4ADC-8807-F4A2F8468FD4}"
EndProject
Global
	GlobalSection(SolutionConfigurationPlatforms) = preSolution
		Debug|Any CPU = Debug|Any CPU
		Release|Any CPU = Release|Any CPU
	EndGlobalSection
	GlobalSection(ProjectConfigurationPlatforms) = postSolution
		{C97596D3-E0F8-4ADC-8807-F4A2F8468FD4}.Debug|Any CPU.ActiveCfg = Debug|Any CPU
		{C97596D3-E0F8-4ADC-8807-F4A2F8468FD4}.Debug|Any CPU.Build.0 = Debug|Any CPU
		{C97596D3-E0F8-4ADC-8807-F4A2F8468FD4}.Release|Any CPU.ActiveCfg = Release|Any CPU
		{C97596D3-E0F8-4ADC-8807-F4A2F8468FD4}.Release|Any CPU.Build.0 = Release|Any CPU
	EndGlobalSection
	GlobalSection(SolutionProperties) = preSolution
		HideSolutionNode = FALSE
	EndGlobalSection
	GlobalSection(ExtensibilityGlobals) = postSolution
		SolutionGuid = {44E1F6B5-4A6F-4776-BA98-6440F875B324}
	EndGlobalSection
EndGlobal
